<?xml version="1.0" encoding="utf-8"?>
<Project ToolsVersion="4.0" xmlns="http://schemas.microsoft.com/developer/msbuild/2003">
  <ItemGroup>
    <Filter Include="Engine">
      <UniqueIdentifier>{109ed1dc-dfd0-435e-b583-0775c4b61369}</UniqueIdentifier>
    </Filter>
    <Filter Include="Game">
      <UniqueIdentifier>{44e64e8a-4fd8-4099-b0d5-e6975e93c550}</UniqueIdentifier>
    </Filter>
    <Filter Include="Engine\Image">
      <UniqueIdentifier>{b3cd754b-49d6-42d1-9a08-3b4b8f9dccca}</UniqueIdentifier>
    </Filter>
    <Filter Include="Engine\Math">
      <UniqueIdentifier>{62b8c199-908b-4a7d-b99c-0325114d55ce}</UniqueIdentifier>
    </Filter>
    <Filter Include="Engine\Input">
      <UniqueIdentifier>{7bcc1753-1eef-4463-bc91-17d9d96bd694}</UniqueIdentifier>
    </Filter>
    <Filter Include="Engine\Main">
      <UniqueIdentifier>{080632ed-a2c5-4583-9df8-08618d092c50}</UniqueIdentifier>
    </Filter>
    <Filter Include="Engine\Object">
      <UniqueIdentifier>{185ac6a0-0116-4382-a01d-1bd07410eca3}</UniqueIdentifier>
    </Filter>
    <Filter Include="Engine\State">
      <UniqueIdentifier>{38bbef93-d667-4347-ab1f-ab6fea148344}</UniqueIdentifier>
    </Filter>
    <Filter Include="Game\InGame">
      <UniqueIdentifier>{3c1f7d06-6ea6-4e5a-881a-a60c90d92934}</UniqueIdentifier>
    </Filter>
    <Filter Include="Game\Other">
      <UniqueIdentifier>{8cd338e3-004b-4dd6-a4a0-4f03018f3fc4}</UniqueIdentifier>
    </Filter>
    <Filter Include="Game\InGame\Player">
      <UniqueIdentifier>{f190561a-3a0a-44fa-a88b-f2bf694a879a}</UniqueIdentifier>
    </Filter>
    <Filter Include="Game\InGame\Common">
      <UniqueIdentifier>{9149534c-6251-479b-842c-0c50a5ccbf24}</UniqueIdentifier>
    </Filter>
    <Filter Include="Game\InGame\Map">
      <UniqueIdentifier>{660df625-0477-47e1-b3eb-3ea7dd126e48}</UniqueIdentifier>
    </Filter>
    <Filter Include="Engine\Physic">
      <UniqueIdentifier>{0f5765a0-55c5-4e14-b623-a7aa00dbede4}</UniqueIdentifier>
    </Filter>
    <Filter Include="Game\InGame\Map\Level1">
      <UniqueIdentifier>{a31e50a5-19ca-4473-81d0-95224fb42d05}</UniqueIdentifier>
    </Filter>
    <Filter Include="Game\InGame\Object">
      <UniqueIdentifier>{502bdbe1-4c62-44d6-b1a9-145523dffd93}</UniqueIdentifier>
    </Filter>
    <Filter Include="Engine\FileIO">
      <UniqueIdentifier>{11fc71c6-ab83-4781-b9ce-6d2b06d1f489}</UniqueIdentifier>
    </Filter>
    <Filter Include="Game\InGame\Editor">
      <UniqueIdentifier>{590e18c5-b40b-48ef-9ef5-6c2222fd3b56}</UniqueIdentifier>
    </Filter>
  </ItemGroup>
  <ItemGroup>
    <ClCompile Include="main.cpp" />
    <ClCompile Include="Engine\Animation.cpp">
      <Filter>Engine\Image</Filter>
    </ClCompile>
    <ClCompile Include="Engine\Texture.cpp">
      <Filter>Engine\Image</Filter>
    </ClCompile>
    <ClCompile Include="Engine\Sprite.cpp">
      <Filter>Engine\Image</Filter>
    </ClCompile>
    <ClCompile Include="Engine\Matrix.cpp">
      <Filter>Engine\Math</Filter>
    </ClCompile>
    <ClCompile Include="Engine\Vec2.cpp">
      <Filter>Engine\Math</Filter>
    </ClCompile>
    <ClCompile Include="Engine\Input.cpp">
      <Filter>Engine\Input</Filter>
    </ClCompile>
    <ClCompile Include="Engine\GameStateManager.cpp">
      <Filter>Engine\State</Filter>
    </ClCompile>
    <ClCompile Include="Engine\Logger.cpp">
      <Filter>Engine\Main</Filter>
    </ClCompile>
    <ClCompile Include="Engine\Window.cpp">
      <Filter>Engine\Main</Filter>
    </ClCompile>
    <ClCompile Include="Engine\Camera.cpp">
      <Filter>Engine\Main</Filter>
    </ClCompile>
    <ClCompile Include="Engine\Engine.cpp">
      <Filter>Engine\Main</Filter>
    </ClCompile>
    <ClCompile Include="Engine\Font.cpp">
      <Filter>Engine\Image</Filter>
    </ClCompile>
    <ClCompile Include="Engine\GameObject.cpp">
      <Filter>Engine\Object</Filter>
    </ClCompile>
    <ClCompile Include="Engine\GameObjectManager.cpp">
      <Filter>Engine\Object</Filter>
    </ClCompile>
    <ClCompile Include="Engine\TextureManager.cpp">
      <Filter>Engine\Image</Filter>
    </ClCompile>
    <ClCompile Include="Engine\Vec3.cpp">
      <Filter>Engine\Math</Filter>
    </ClCompile>
    <ClCompile Include="Game\Splash.cpp">
      <Filter>Game\Other</Filter>
    </ClCompile>
    <ClCompile Include="Game\Player.cpp">
      <Filter>Game\InGame\Player</Filter>
    </ClCompile>
    <ClCompile Include="Engine\Collision.cpp">
      <Filter>Engine\Physic</Filter>
    </ClCompile>
    <ClCompile Include="Game\Map.cpp">
      <Filter>Game\InGame\Map\Level1</Filter>
    </ClCompile>
    <ClCompile Include="Game\Crates.cpp">
      <Filter>Game\InGame\Object</Filter>
    </ClCompile>
    <ClCompile Include="Game\Button.cpp">
      <Filter>Game\InGame\Object</Filter>
    </ClCompile>
    <ClCompile Include="Engine\FileIO.cpp">
      <Filter>Engine\FileIO</Filter>
    </ClCompile>
    <ClCompile Include="Game\Editor.cpp">
      <Filter>Game\InGame\Editor</Filter>
    </ClCompile>
  </ItemGroup>
  <ItemGroup>
    <ClInclude Include="Engine\Animation.h">
      <Filter>Engine\Image</Filter>
    </ClInclude>
    <ClInclude Include="Engine\Texture.h">
      <Filter>Engine\Image</Filter>
    </ClInclude>
    <ClInclude Include="Engine\Sprite.h">
      <Filter>Engine\Image</Filter>
    </ClInclude>
    <ClInclude Include="Engine\Matrix.h">
      <Filter>Engine\Math</Filter>
    </ClInclude>
    <ClInclude Include="Engine\Vec2.h">
      <Filter>Engine\Math</Filter>
    </ClInclude>
    <ClInclude Include="Engine\Input.h">
      <Filter>Engine\Input</Filter>
    </ClInclude>
    <ClInclude Include="Engine\Rect.h">
      <Filter>Engine\Math</Filter>
    </ClInclude>
    <ClInclude Include="Engine\GameStateManager.h">
      <Filter>Engine\State</Filter>
    </ClInclude>
    <ClInclude Include="Engine\Logger.h">
      <Filter>Engine\Main</Filter>
    </ClInclude>
    <ClInclude Include="Engine\Window.h">
      <Filter>Engine\Main</Filter>
    </ClInclude>
    <ClInclude Include="Engine\Camera.h">
      <Filter>Engine\Main</Filter>
    </ClInclude>
    <ClInclude Include="Engine\Engine.h">
      <Filter>Engine\Main</Filter>
    </ClInclude>
    <ClInclude Include="Engine\Font.h">
      <Filter>Engine\Image</Filter>
    </ClInclude>
    <ClInclude Include="Engine\GameObject.h">
      <Filter>Engine\Object</Filter>
    </ClInclude>
    <ClInclude Include="Engine\GameObjectManager.h">
      <Filter>Engine\Object</Filter>
    </ClInclude>
    <ClInclude Include="Engine\TextureManager.h">
      <Filter>Engine\Image</Filter>
    </ClInclude>
    <ClInclude Include="Engine\GameState.h">
      <Filter>Engine\State</Filter>
    </ClInclude>
    <ClInclude Include="Engine\Vec3.h">
      <Filter>Engine\Math</Filter>
    </ClInclude>
    <ClInclude Include="Game\Fonts.h">
      <Filter>Game\Other</Filter>
    </ClInclude>
    <ClInclude Include="Game\Splash.h">
      <Filter>Game\Other</Filter>
    </ClInclude>
    <ClInclude Include="Game\States.h">
      <Filter>Game\Other</Filter>
    </ClInclude>
    <ClInclude Include="Game\Player.h">
      <Filter>Game\InGame\Player</Filter>
    </ClInclude>
    <ClInclude Include="Game\Floor.h">
      <Filter>Game\InGame\Common</Filter>
    </ClInclude>
    <ClInclude Include="Engine\Collision.h">
      <Filter>Engine\Physic</Filter>
    </ClInclude>
    <ClInclude Include="Engine\Cube.h">
      <Filter>Engine\Math</Filter>
    </ClInclude>
    <ClInclude Include="Game\Map.h">
      <Filter>Game\InGame\Map\Level1</Filter>
    </ClInclude>
    <ClInclude Include="Game\Crates.h">
      <Filter>Game\InGame\Object</Filter>
    </ClInclude>
    <ClInclude Include="Game\Button.h">
      <Filter>Game\InGame\Object</Filter>
    </ClInclude>
    <ClInclude Include="Engine\FileIO.h">
      <Filter>Engine\FileIO</Filter>
    </ClInclude>
    <ClInclude Include="Game\Editor.h">
      <Filter>Game\InGame\Editor</Filter>
    </ClInclude>
  </ItemGroup>
</Project>